// !$*UTF8*$!
{
	archiveVersion = 1;
	classes = {
	};
	objectVersion = 46;
	objects = {

/* Begin PBXBuildFile section */
		11BA44CA1C2CFFB400541336 /* AppDelegate.swift in Sources */ = {isa = PBXBuildFile; fileRef = 11BA44C91C2CFFB400541336 /* AppDelegate.swift */; };
		11BA44CC1C2CFFB400541336 /* ViewController.swift in Sources */ = {isa = PBXBuildFile; fileRef = 11BA44CB1C2CFFB400541336 /* ViewController.swift */; };
		11BA44CF1C2CFFB400541336 /* Main.storyboard in Resources */ = {isa = PBXBuildFile; fileRef = 11BA44CD1C2CFFB400541336 /* Main.storyboard */; };
		11BA44D11C2CFFB400541336 /* Assets.xcassets in Resources */ = {isa = PBXBuildFile; fileRef = 11BA44D01C2CFFB400541336 /* Assets.xcassets */; };
		11BA44D41C2CFFB400541336 /* LaunchScreen.storyboard in Resources */ = {isa = PBXBuildFile; fileRef = 11BA44D21C2CFFB400541336 /* LaunchScreen.storyboard */; };
		11BA44DF1C2CFFB400541336 /* PruebaGitTests.swift in Sources */ = {isa = PBXBuildFile; fileRef = 11BA44DE1C2CFFB400541336 /* PruebaGitTests.swift */; };
		11BA44EA1C2CFFB400541336 /* PruebaGitUITests.swift in Sources */ = {isa = PBXBuildFile; fileRef = 11BA44E91C2CFFB400541336 /* PruebaGitUITests.swift */; };
/* End PBXBuildFile section */

/* Begin PBXContainerItemProxy section */
		11BA44DB1C2CFFB400541336 /* PBXContainerItemProxy */ = {
			isa = PBXContainerItemProxy;
			containerPortal = 11BA44BE1C2CFFB400541336 /* Project object */;
			proxyType = 1;
			remoteGlobalIDString = 11BA44C51C2CFFB400541336;
			remoteInfo = PruebaGit;
		};
		11BA44E61C2CFFB400541336 /* PBXContainerItemProxy */ = {
			isa = PBXContainerItemProxy;
			containerPortal = 11BA44BE1C2CFFB400541336 /* Project object */;
			proxyType = 1;
			remoteGlobalIDString = 11BA44C51C2CFFB400541336;
			remoteInfo = PruebaGit;
		};
/* End PBXContainerItemProxy section */

/* Begin PBXFileReference section */
		11BA44C61C2CFFB400541336 /* PruebaGit.app */ = {isa = PBXFileReference; explicitFileType = wrapper.application; includeInIndex = 0; path = PruebaGit.app; sourceTree = BUILT_PRODUCTS_DIR; };
		11BA44C91C2CFFB400541336 /* AppDelegate.swift */ = {isa = PBXFileReference; lastKnownFileType = sourcecode.swift; path = AppDelegate.swift; sourceTree = "<group>"; };
		11BA44CB1C2CFFB400541336 /* ViewController.swift */ = {isa = PBXFileReference; lastKnownFileType = sourcecode.swift; path = ViewController.swift; sourceTree = "<group>"; };
		11BA44CE1C2CFFB400541336 /* Base */ = {isa = PBXFileReference; lastKnownFileType = file.storyboard; name = Base; path = Base.lproj/Main.storyboard; sourceTree = "<group>"; };
		11BA44D01C2CFFB400541336 /* Assets.xcassets */ = {isa = PBXFileReference; lastKnownFileType = folder.assetcatalog; path = Assets.xcassets; sourceTree = "<group>"; };
		11BA44D31C2CFFB400541336 /* Base */ = {isa = PBXFileReference; lastKnownFileType = file.storyboard; name = Base; path = Base.lproj/LaunchScreen.storyboard; sourceTree = "<group>"; };
		11BA44D51C2CFFB400541336 /* Info.plist */ = {isa = PBXFileReference; lastKnownFileType = text.plist.xml; path = Info.plist; sourceTree = "<group>"; };
		11BA44DA1C2CFFB400541336 /* PruebaGitTests.xctest */ = {isa = PBXFileReference; explicitFileType = wrapper.cfbundle; includeInIndex = 0; path = PruebaGitTests.xctest; sourceTree = BUILT_PRODUCTS_DIR; };
		11BA44DE1C2CFFB400541336 /* PruebaGitTests.swift */ = {isa = PBXFileReference; lastKnownFileType = sourcecode.swift; path = PruebaGitTests.swift; sourceTree = "<group>"; };
		11BA44E01C2CFFB400541336 /* Info.plist */ = {isa = PBXFileReference; lastKnownFileType = text.plist.xml; path = Info.plist; sourceTree = "<group>"; };
		11BA44E51C2CFFB400541336 /* PruebaGitUITests.xctest */ = {isa = PBXFileReference; explicitFileType = wrapper.cfbundle; includeInIndex = 0; path = PruebaGitUITests.xctest; sourceTree = BUILT_PRODUCTS_DIR; };
		11BA44E91C2CFFB400541336 /* PruebaGitUITests.swift */ = {isa = PBXFileReference; lastKnownFileType = sourcecode.swift; path = PruebaGitUITests.swift; sourceTree = "<group>"; };
		11BA44EB1C2CFFB400541336 /* Info.plist */ = {isa = PBXFileReference; lastKnownFileType = text.plist.xml; path = Info.plist; sourceTree = "<group>"; };
/* End PBXFileReference section */

/* Begin PBXFrameworksBuildPhase section */
		11BA44C31C2CFFB400541336 /* Frameworks */ = {
			isa = PBXFrameworksBuildPhase;
			buildActionMask = 2147483647;
			files = (
			);
			runOnlyForDeploymentPostprocessing = 0;
		};
		11BA44D71C2CFFB400541336 /* Frameworks */ = {
			isa = PBXFrameworksBuildPhase;
			buildActionMask = 2147483647;
			files = (
			);
			runOnlyForDeploymentPostprocessing = 0;
		};
		11BA44E21C2CFFB400541336 /* Frameworks */ = {
			isa = PBXFrameworksBuildPhase;
			buildActionMask = 2147483647;
			files = (
			);
			runOnlyForDeploymentPostprocessing = 0;
		};
/* End PBXFrameworksBuildPhase section */

/* Begin PBXGroup section */
		11BA44BD1C2CFFB400541336 = {
			isa = PBXGroup;
			children = (
				11BA44C81C2CFFB400541336 /* PruebaGit */,
				11BA44DD1C2CFFB400541336 /* PruebaGitTests */,
				11BA44E81C2CFFB400541336 /* PruebaGitUITests */,
				11BA44C71C2CFFB400541336 /* Products */,
			);
			sourceTree = "<group>";
		};
		11BA44C71C2CFFB400541336 /* Products */ = {
			isa = PBXGroup;
			children = (
				11BA44C61C2CFFB400541336 /* PruebaGit.app */,
				11BA44DA1C2CFFB400541336 /* PruebaGitTests.xctest */,
				11BA44E51C2CFFB400541336 /* PruebaGitUITests.xctest */,
			);
			name = Products;
			sourceTree = "<group>";
		};
		11BA44C81C2CFFB400541336 /* PruebaGit */ = {
			isa = PBXGroup;
			children = (
				11BA44C91C2CFFB400541336 /* AppDelegate.swift */,
				11BA44CB1C2CFFB400541336 /* ViewController.swift */,
				11BA44CD1C2CFFB400541336 /* Main.storyboard */,
				11BA44D01C2CFFB400541336 /* Assets.xcassets */,
				11BA44D21C2CFFB400541336 /* LaunchScreen.storyboard */,
				11BA44D51C2CFFB400541336 /* Info.plist */,
			);
			path = PruebaGit;
			sourceTree = "<group>";
		};
		11BA44DD1C2CFFB400541336 /* PruebaGitTests */ = {
			isa = PBXGroup;
			children = (
				11BA44DE1C2CFFB400541336 /* PruebaGitTests.swift */,
				11BA44E01C2CFFB400541336 /* Info.plist */,
			);
			path = PruebaGitTests;
			sourceTree = "<group>";
		};
		11BA44E81C2CFFB400541336 /* PruebaGitUITests */ = {
			isa = PBXGroup;
			children = (
				11BA44E91C2CFFB400541336 /* PruebaGitUITests.swift */,
				11BA44EB1C2CFFB400541336 /* Info.plist */,
			);
			path = PruebaGitUITests;
			sourceTree = "<group>";
		};
/* End PBXGroup section */

/* Begin PBXNativeTarget section */
		11BA44C51C2CFFB400541336 /* PruebaGit */ = {
			isa = PBXNativeTarget;
			buildConfigurationList = 11BA44EE1C2CFFB400541336 /* Build configuration list for PBXNativeTarget "PruebaGit" */;
			buildPhases = (
				11BA44C21C2CFFB400541336 /* Sources */,
				11BA44C31C2CFFB400541336 /* Frameworks */,
				11BA44C41C2CFFB400541336 /* Resources */,
			);
			buildRules = (
			);
			dependencies = (
			);
			name = PruebaGit;
			productName = PruebaGit;
			productReference = 11BA44C61C2CFFB400541336 /* PruebaGit.app */;
			productType = "com.apple.product-type.application";
		};
		11BA44D91C2CFFB400541336 /* PruebaGitTests */ = {
			isa = PBXNativeTarget;
			buildConfigurationList = 11BA44F11C2CFFB400541336 /* Build configuration list for PBXNativeTarget "PruebaGitTests" */;
			buildPhases = (
				11BA44D61C2CFFB400541336 /* Sources */,
				11BA44D71C2CFFB400541336 /* Frameworks */,
				11BA44D81C2CFFB400541336 /* Resources */,
			);
			buildRules = (
			);
			dependencies = (
				11BA44DC1C2CFFB400541336 /* PBXTargetDependency */,
			);
			name = PruebaGitTests;
			productName = PruebaGitTests;
			productReference = 11BA44DA1C2CFFB400541336 /* PruebaGitTests.xctest */;
			productType = "com.apple.product-type.bundle.unit-test";
		};
		11BA44E41C2CFFB400541336 /* PruebaGitUITests */ = {
			isa = PBXNativeTarget;
			buildConfigurationList = 11BA44F41C2CFFB400541336 /* Build configuration list for PBXNativeTarget "PruebaGitUITests" */;
			buildPhases = (
				11BA44E11C2CFFB400541336 /* Sources */,
				11BA44E21C2CFFB400541336 /* Frameworks */,
				11BA44E31C2CFFB400541336 /* Resources */,
			);
			buildRules = (
			);
			dependencies = (
				11BA44E71C2CFFB400541336 /* PBXTargetDependency */,
			);
			name = PruebaGitUITests;
			productName = PruebaGitUITests;
			productReference = 11BA44E51C2CFFB400541336 /* PruebaGitUITests.xctest */;
			productType = "com.apple.product-type.bundle.ui-testing";
		};
/* End PBXNativeTarget section */

/* Begin PBXProject section */
		11BA44BE1C2CFFB400541336 /* Project object */ = {
			isa = PBXProject;
			attributes = {
				LastSwiftUpdateCheck = 0720;
				LastUpgradeCheck = 0720;
				ORGANIZATIONNAME = "Solemti S.A. de C.V.";
				TargetAttributes = {
					11BA44C51C2CFFB400541336 = {
						CreatedOnToolsVersion = 7.2;
					};
					11BA44D91C2CFFB400541336 = {
						CreatedOnToolsVersion = 7.2;
						TestTargetID = 11BA44C51C2CFFB400541336;
					};
					11BA44E41C2CFFB400541336 = {
						CreatedOnToolsVersion = 7.2;
						TestTargetID = 11BA44C51C2CFFB400541336;
					};
				};
			};
			buildConfigurationList = 11BA44C11C2CFFB400541336 /* Build configuration list for PBXProject "PruebaGit" */;
			compatibilityVersion = "Xcode 3.2";
			developmentRegion = English;
			hasScannedForEncodings = 0;
			knownRegions = (
				en,
				Base,
			);
			mainGroup = 11BA44BD1C2CFFB400541336;
			productRefGroup = 11BA44C71C2CFFB400541336 /* Products */;
			projectDirPath = "";
			projectRoot = "";
			targets = (
				11BA44C51C2CFFB400541336 /* PruebaGit */,
				11BA44D91C2CFFB400541336 /* PruebaGitTests */,
				11BA44E41C2CFFB400541336 /* PruebaGitUITests */,
			);
		};
/* End PBXProject section */

/* Begin PBXResourcesBuildPhase section */
		11BA44C41C2CFFB400541336 /* Resources */ = {
			isa = PBXResourcesBuildPhase;
			buildActionMask = 2147483647;
			files = (
				11BA44D41C2CFFB400541336 /* LaunchScreen.storyboard in Resources */,
				11BA44D11C2CFFB400541336 /* Assets.xcassets in Resources */,
				11BA44CF1C2CFFB400541336 /* Main.storyboard in Resources */,
			);
			runOnlyForDeploymentPostprocessing = 0;
		};
		11BA44D81C2CFFB400541336 /* Resources */ = {
			isa = PBXResourcesBuildPhase;
			buildActionMask = 2147483647;
			files = (
			);
			runOnlyForDeploymentPostprocessing = 0;
		};
		11BA44E31C2CFFB400541336 /* Resources */ = {
			isa = PBXResourcesBuildPhase;
			buildActionMask = 2147483647;
			files = (
			);
			runOnlyForDeploymentPostprocessing = 0;
		};
/* End PBXResourcesBuildPhase section */

/* Begin PBXSourcesBuildPhase section */
		11BA44C21C2CFFB400541336 /* Sources */ = {
			isa = PBXSourcesBuildPhase;
			buildActionMask = 2147483647;
			files = (
				11BA44CC1C2CFFB400541336 /* ViewController.swift in Sources */,
				11BA44CA1C2CFFB400541336 /* AppDelegate.swift in Sources */,
			);
			runOnlyForDeploymentPostprocessing = 0;
		};
		11BA44D61C2CFFB400541336 /* Sources */ = {
			isa = PBXSourcesBuildPhase;
			buildActionMask = 2147483647;
			files = (
				11BA44DF1C2CFFB400541336 /* PruebaGitTests.swift in Sources */,
			);
			runOnlyForDeploymentPostprocessing = 0;
		};
		11BA44E11C2CFFB400541336 /* Sources */ = {
			isa = PBXSourcesBuildPhase;
			buildActionMask = 2147483647;
			files = (
				11BA44EA1C2CFFB400541336 /* PruebaGitUITests.swift in Sources */,
			);
			runOnlyForDeploymentPostprocessing = 0;
		};
/* End PBXSourcesBuildPhase section */

/* Begin PBXTargetDependency section */
		11BA44DC1C2CFFB400541336 /* PBXTargetDependency */ = {
			isa = PBXTargetDependency;
			target = 11BA44C51C2CFFB400541336 /* PruebaGit */;
			targetProxy = 11BA44DB1C2CFFB400541336 /* PBXContainerItemProxy */;
		};
		11BA44E71C2CFFB400541336 /* PBXTargetDependency */ = {
			isa = PBXTargetDependency;
			target = 11BA44C51C2CFFB400541336 /* PruebaGit */;
			targetProxy = 11BA44E61C2CFFB400541336 /* PBXContainerItemProxy */;
		};
/* End PBXTargetDependency section */

/* Begin PBXVariantGroup section */
		11BA44CD1C2CFFB400541336 /* Main.storyboard */ = {
			isa = PBXVariantGroup;
			children = (
				11BA44CE1C2CFFB400541336 /* Base */,
			);
			name = Main.storyboard;
			sourceTree = "<group>";
		};
		11BA44D21C2CFFB400541336 /* LaunchScreen.storyboard */ = {
			isa = PBXVariantGroup;
			children = (
				11BA44D31C2CFFB400541336 /* Base */,
			);
			name = LaunchScreen.storyboard;
			sourceTree = "<group>";
		};
/* End PBXVariantGroup section */

/* Begin XCBuildConfiguration section */
		11BA44EC1C2CFFB400541336 /* Debug */ = {
			isa = XCBuildConfiguration;
			buildSettings = {
				ALWAYS_SEARCH_USER_PATHS = NO;
				CLANG_CXX_LANGUAGE_STANDARD = "gnu++0x";
				CLANG_CXX_LIBRARY = "libc++";
				CLANG_ENABLE_MODULES = YES;
				CLANG_ENABLE_OBJC_ARC = YES;
				CLANG_WARN_BOOL_CONVERSION = YES;
				CLANG_WARN_CONSTANT_CONVERSION = YES;
				CLANG_WARN_DIRECT_OBJC_ISA_USAGE = YES_ERROR;
				CLANG_WARN_EMPTY_BODY = YES;
				CLANG_WARN_ENUM_CONVERSION = YES;
				CLANG_WARN_INT_CONVERSION = YES;
				CLANG_WARN_OBJC_ROOT_CLASS = YES_ERROR;
				CLANG_WARN_UNREACHABLE_CODE = YES;
				CLANG_WARN__DUPLICATE_METHOD_MATCH = YES;
				"CODE_SIGN_IDENTITY[sdk=iphoneos*]" = "iPhone Developer";
				COPY_PHASE_STRIP = NO;
				DEBUG_INFORMATION_FORMAT = dwarf;
				ENABLE_STRICT_OBJC_MSGSEND = YES;
				ENABLE_TESTABILITY = YES;
				GCC_C_LANGUAGE_STANDARD = gnu99;
				GCC_DYNAMIC_NO_PIC = NO;
				GCC_NO_COMMON_BLOCKS = YES;
				GCC_OPTIMIZATION_LEVEL = 0;
				GCC_PREPROCESSOR_DEFINITIONS = (
					"DEBUG=1",
					"$(inherited)",
				);
				GCC_WARN_64_TO_32_BIT_CONVERSION = YES;
				GCC_WARN_ABOUT_RETURN_TYPE = YES_ERROR;
				GCC_WARN_UNDECLARED_SELECTOR = YES;
				GCC_WARN_UNINITIALIZED_AUTOS = YES_AGGRESSIVE;
				GCC_WARN_UNUSED_FUNCTION = YES;
				GCC_WARN_UNUSED_VARIABLE = YES;
				IPHONEOS_DEPLOYMENT_TARGET = 9.2;
				MTL_ENABLE_DEBUG_INFO = YES;
				ONLY_ACTIVE_ARCH = YES;
				SDKROOT = iphoneos;
				SWIFT_OPTIMIZATION_LEVEL = "-Onone";
				TARGETED_DEVICE_FAMILY = "1,2";
			};
			name = Debug;
		};
		11BA44ED1C2CFFB400541336 /* Release */ = {
			isa = XCBuildConfiguration;
			buildSettings = {
				ALWAYS_SEARCH_USER_PATHS = NO;
				CLANG_CXX_LANGUAGE_STANDARD = "gnu++0x";
				CLANG_CXX_LIBRARY = "libc++";
				CLANG_ENABLE_MODULES = YES;
				CLANG_ENABLE_OBJC_ARC = YES;
				CLANG_WARN_BOOL_CONVERSION = YES;
				CLANG_WARN_CONSTANT_CONVERSION = YES;
				CLANG_WARN_DIRECT_OBJC_ISA_USAGE = YES_ERROR;
				CLANG_WARN_EMPTY_BODY = YES;
				CLANG_WARN_ENUM_CONVERSION = YES;
				CLANG_WARN_INT_CONVERSION = YES;
				CLANG_WARN_OBJC_ROOT_CLASS = YES_ERROR;
				CLANG_WARN_UNREACHABLE_CODE = YES;
				CLANG_WARN__DUPLICATE_METHOD_MATCH = YES;
				"CODE_SIGN_IDENTITY[sdk=iphoneos*]" = "iPhone Developer";
				COPY_PHASE_STRIP = NO;
				DEBUG_INFORMATION_FORMAT = "dwarf-with-dsym";
				ENABLE_NS_ASSERTIONS = NO;
				ENABLE_STRICT_OBJC_MSGSEND = YES;
				GCC_C_LANGUAGE_STANDARD = gnu99;
				GCC_NO_COMMON_BLOCKS = YES;
				GCC_WARN_64_TO_32_BIT_CONVERSION = YES;
				GCC_WARN_ABOUT_RETURN_TYPE = YES_ERROR;
				GCC_WARN_UNDECLARED_SELECTOR = YES;
				GCC_WARN_UNINITIALIZED_AUTOS = YES_AGGRESSIVE;
				GCC_WARN_UNUSED_FUNCTION = YES;
				GCC_WARN_UNUSED_VARIABLE = YES;
				IPHONEOS_DEPLOYMENT_TARGET = 9.2;
				MTL_ENABLE_DEBUG_INFO = NO;
				SDKROOT = iphoneos;
				TARGETED_DEVICE_FAMILY = "1,2";
				VALIDATE_PRODUCT = YES;
			};
			name = Release;
		};
		11BA44EF1C2CFFB400541336 /* Debug */ = {
			isa = XCBuildConfiguration;
			buildSettings = {
				ASSETCATALOG_COMPILER_APPICON_NAME = AppIcon;
				INFOPLIST_FILE = PruebaGit/Info.plist;
				LD_RUNPATH_SEARCH_PATHS = "$(inherited) @executable_path/Frameworks";
				PRODUCT_BUNDLE_IDENTIFIER = Solemti.PruebaGit;
				PRODUCT_NAME = "$(TARGET_NAME)";
			};
			name = Debug;
		};
		11BA44F01C2CFFB400541336 /* Release */ = {
			isa = XCBuildConfiguration;
			buildSettings = {
				ASSETCATALOG_COMPILER_APPICON_NAME = AppIcon;
				INFOPLIST_FILE = PruebaGit/Info.plist;
				LD_RUNPATH_SEARCH_PATHS = "$(inherited) @executable_path/Frameworks";
				PRODUCT_BUNDLE_IDENTIFIER = Solemti.PruebaGit;
				PRODUCT_NAME = "$(TARGET_NAME)";
			};
			name = Release;
		};
		11BA44F21C2CFFB400541336 /* Debug */ = {
			isa = XCBuildConfiguration;
			buildSettings = {
				BUNDLE_LOADER = "$(TEST_HOST)";
				INFOPLIST_FILE = PruebaGitTests/Info.plist;
				LD_RUNPATH_SEARCH_PATHS = "$(inherited) @executable_path/Frameworks @loader_path/Frameworks";
				PRODUCT_BUNDLE_IDENTIFIER = Solemti.PruebaGitTests;
				PRODUCT_NAME = "$(TARGET_NAME)";
				TEST_HOST = "$(BUILT_PRODUCTS_DIR)/PruebaGit.app/PruebaGit";
			};
			name = Debug;
		};
		11BA44F31C2CFFB400541336 /* Release */ = {
			isa = XCBuildConfiguration;
			buildSettings = {
				BUNDLE_LOADER = "$(TEST_HOST)";
				INFOPLIST_FILE = PruebaGitTests/Info.plist;
				LD_RUNPATH_SEARCH_PATHS = "$(inherited) @executable_path/Frameworks @loader_path/Frameworks";
				PRODUCT_BUNDLE_IDENTIFIER = Solemti.PruebaGitTests;
				PRODUCT_NAME = "$(TARGET_NAME)";
				TEST_HOST = "$(BUILT_PRODUCTS_DIR)/PruebaGit.app/PruebaGit";
			};
			name = Release;
		};
		11BA44F51C2CFFB400541336 /* Debug */ = {
			isa = XCBuildConfiguration;
			buildSettings = {
				INFOPLIST_FILE = PruebaGitUITests/Info.plist;
				LD_RUNPATH_SEARCH_PATHS = "$(inherited) @executable_path/Frameworks @loader_path/Frameworks";
				PRODUCT_BUNDLE_IDENTIFIER = Solemti.PruebaGitUITests;
				PRODUCT_NAME = "$(TARGET_NAME)";
				TEST_TARGET_NAME = PruebaGit;
				USES_XCTRUNNER = YES;
			};
			name = Debug;
		};
		11BA44F61C2CFFB400541336 /* Release */ = {
			isa = XCBuildConfiguration;
			buildSettings = {
				INFOPLIST_FILE = PruebaGitUITests/Info.plist;
				LD_RUNPATH_SEARCH_PATHS = "$(inherited) @executable_path/Frameworks @loader_path/Frameworks";
				PRODUCT_BUNDLE_IDENTIFIER = Solemti.PruebaGitUITests;
				PRODUCT_NAME = "$(TARGET_NAME)";
				TEST_TARGET_NAME = PruebaGit;
				USES_XCTRUNNER = YES;
			};
			name = Release;
		};
/* End XCBuildConfiguration section */

/* Begin XCConfigurationList section */
		11BA44C11C2CFFB400541336 /* Build configuration list for PBXProject "PruebaGit" */ = {
			isa = XCConfigurationList;
			buildConfigurations = (
				11BA44EC1C2CFFB400541336 /* Debug */,
				11BA44ED1C2CFFB400541336 /* Release */,
			);
			defaultConfigurationIsVisible = 0;
			defaultConfigurationName = Release;
		};
		11BA44EE1C2CFFB400541336 /* Build configuration list for PBXNativeTarget "PruebaGit" */ = {
			isa = XCConfigurationList;
			buildConfigurations = (
				11BA44EF1C2CFFB400541336 /* Debug */,
				11BA44F01C2CFFB400541336 /* Release */,
			);
			defaultConfigurationIsVisible = 0;
		};
		11BA44F11C2CFFB400541336 /* Build configuration list for PBXNativeTarget "PruebaGitTests" */ = {
			isa = XCConfigurationList;
			buildConfigurations = (
				11BA44F21C2CFFB400541336 /* Debug */,
				11BA44F31C2CFFB400541336 /* Release */,
			);
			defaultConfigurationIsVisible = 0;
		};
		11BA44F41C2CFFB400541336 /* Build configuration list for PBXNativeTarget "PruebaGitUITests" */ = {
			isa = XCConfigurationList;
			buildConfigurations = (
				11BA44F51C2CFFB400541336 /* Debug */,
				11BA44F61C2CFFB400541336 /* Release */,
			);
			defaultConfigurationIsVisible = 0;
		};
/* End XCConfigurationList section */
	};
	rootObject = 11BA44BE1C2CFFB400541336 /* Project object */;
}
